// !$*UTF8*$!
{
	archiveVersion = 1;
	classes = {
	};
	objectVersion = 55;
	objects = {

/* Begin PBXBuildFile section */
		0A31C85F276E4C9800033A96 /* MainCoordinator.swift in Sources */ = {isa = PBXBuildFile; fileRef = 0A31C85E276E4C9800033A96 /* MainCoordinator.swift */; };
		0A31C861276E4EEA00033A96 /* MainTabBarView.swift in Sources */ = {isa = PBXBuildFile; fileRef = 0A31C860276E4EEA00033A96 /* MainTabBarView.swift */; };
		0A375B5A276E879400CBC3C3 /* SceneDelegate.swift in Sources */ = {isa = PBXBuildFile; fileRef = 0A375B59276E879400CBC3C3 /* SceneDelegate.swift */; };
		0A375B5C276E87BE00CBC3C3 /* AppDelegate.swift in Sources */ = {isa = PBXBuildFile; fileRef = 0A375B5B276E87BE00CBC3C3 /* AppDelegate.swift */; };
		0A49CE622756888200C4FE73 /* Assets.xcassets in Resources */ = {isa = PBXBuildFile; fileRef = 0A49CE612756888200C4FE73 /* Assets.xcassets */; };
		0A49CE652756888200C4FE73 /* Preview Assets.xcassets in Resources */ = {isa = PBXBuildFile; fileRef = 0A49CE642756888200C4FE73 /* Preview Assets.xcassets */; };
		0A49CE6C27569CBD00C4FE73 /* Color+Ext.swift in Sources */ = {isa = PBXBuildFile; fileRef = 0A49CE6B27569CBD00C4FE73 /* Color+Ext.swift */; };
		0A49CE6E2756A44100C4FE73 /* ImageViewBuilder.swift in Sources */ = {isa = PBXBuildFile; fileRef = 0A49CE6D2756A44100C4FE73 /* ImageViewBuilder.swift */; };
		0A49CE702756A4A100C4FE73 /* GroupCellView.swift in Sources */ = {isa = PBXBuildFile; fileRef = 0A49CE6F2756A4A100C4FE73 /* GroupCellView.swift */; };
		0A49CE722756A55900C4FE73 /* UserCellView.swift in Sources */ = {isa = PBXBuildFile; fileRef = 0A49CE712756A55900C4FE73 /* UserCellView.swift */; };
		0A49CE762756A63D00C4FE73 /* ShadowViewModifier.swift in Sources */ = {isa = PBXBuildFile; fileRef = 0A49CE752756A63D00C4FE73 /* ShadowViewModifier.swift */; };
		0A561A562764A1B500B4DE8E /* FriendsViewModel.swift in Sources */ = {isa = PBXBuildFile; fileRef = 0A561A552764A1B500B4DE8E /* FriendsViewModel.swift */; };
		0A561A5A2764CEDB00B4DE8E /* UserPhotoViewModel.swift in Sources */ = {isa = PBXBuildFile; fileRef = 0A561A592764CEDB00B4DE8E /* UserPhotoViewModel.swift */; };
		0A561A5C2764D5BD00B4DE8E /* GroupsViewModel.swift in Sources */ = {isa = PBXBuildFile; fileRef = 0A561A5B2764D5BD00B4DE8E /* GroupsViewModel.swift */; };
		0A676B61276A862B000A7ECD /* LikeButton.swift in Sources */ = {isa = PBXBuildFile; fileRef = 0A676B60276A862B000A7ECD /* LikeButton.swift */; };
		0A6C32512763E479005B9379 /* Realm in Frameworks */ = {isa = PBXBuildFile; productRef = 0A6C32502763E479005B9379 /* Realm */; };
		0A6C32532763E479005B9379 /* RealmSwift in Frameworks */ = {isa = PBXBuildFile; productRef = 0A6C32522763E479005B9379 /* RealmSwift */; };
		0A6C32582763E4C7005B9379 /* RealmService.swift in Sources */ = {isa = PBXBuildFile; fileRef = 0A6C32572763E4C7005B9379 /* RealmService.swift */; };
		0A6C325A2763E515005B9379 /* VKLoginWebView.swift in Sources */ = {isa = PBXBuildFile; fileRef = 0A6C32592763E515005B9379 /* VKLoginWebView.swift */; };
		0A6C32602763EAE6005B9379 /* Kingfisher in Frameworks */ = {isa = PBXBuildFile; productRef = 0A6C325F2763EAE6005B9379 /* Kingfisher */; };
		0A6C32622763EC0C005B9379 /* VKService.swift in Sources */ = {isa = PBXBuildFile; fileRef = 0A6C32612763EC0C005B9379 /* VKService.swift */; };
		0A6C32642763ED0E005B9379 /* UserData.swift in Sources */ = {isa = PBXBuildFile; fileRef = 0A6C32632763ED0E005B9379 /* UserData.swift */; };
		0A6C32662763EDCF005B9379 /* GroupData.swift in Sources */ = {isa = PBXBuildFile; fileRef = 0A6C32652763EDCF005B9379 /* GroupData.swift */; };
		0A6C32682763EE0A005B9379 /* PhotosData.swift in Sources */ = {isa = PBXBuildFile; fileRef = 0A6C32672763EE0A005B9379 /* PhotosData.swift */; };
		0A6C326A2763EE61005B9379 /* AlbumData.swift in Sources */ = {isa = PBXBuildFile; fileRef = 0A6C32692763EE61005B9379 /* AlbumData.swift */; };
		0A6C326C2763EEDC005B9379 /* KeychainUser.swift in Sources */ = {isa = PBXBuildFile; fileRef = 0A6C326B2763EEDC005B9379 /* KeychainUser.swift */; };
		0A6C3270276401DB005B9379 /* SwiftKeychainWrapper in Frameworks */ = {isa = PBXBuildFile; productRef = 0A6C326F276401DB005B9379 /* SwiftKeychainWrapper */; };
		0A6C327227640234005B9379 /* Encode+Decode.swift in Sources */ = {isa = PBXBuildFile; fileRef = 0A6C327127640234005B9379 /* Encode+Decode.swift */; };
		0A6C3274276402B8005B9379 /* LoginViewModel.swift in Sources */ = {isa = PBXBuildFile; fileRef = 0A6C3273276402B8005B9379 /* LoginViewModel.swift */; };
		0AA42376276F584D00612F5F /* Factories.swift in Sources */ = {isa = PBXBuildFile; fileRef = 0AA42375276F584D00612F5F /* Factories.swift */; };
		0AA42378276F5B3300612F5F /* DetachableObject.swift in Sources */ = {isa = PBXBuildFile; fileRef = 0AA42377276F5B3300612F5F /* DetachableObject.swift */; };
		0ADC930B275CBA32001797C3 /* SectionDataModel.swift in Sources */ = {isa = PBXBuildFile; fileRef = 0ADC930A275CBA32001797C3 /* SectionDataModel.swift */; };
		0ADC9311275CBD62001797C3 /* FriendsView.swift in Sources */ = {isa = PBXBuildFile; fileRef = 0ADC9310275CBD62001797C3 /* FriendsView.swift */; };
		0ADC9313275CBE93001797C3 /* GroupsView.swift in Sources */ = {isa = PBXBuildFile; fileRef = 0ADC9312275CBE93001797C3 /* GroupsView.swift */; };
		0ADC9315275CBF52001797C3 /* UserPhotoCellView.swift in Sources */ = {isa = PBXBuildFile; fileRef = 0ADC9314275CBF52001797C3 /* UserPhotoCellView.swift */; };
		0ADC9319275CC12A001797C3 /* UserPhotosView.swift in Sources */ = {isa = PBXBuildFile; fileRef = 0ADC9318275CC12A001797C3 /* UserPhotosView.swift */; };
		0ADC931C275CC3A9001797C3 /* ASCollectionView in Frameworks */ = {isa = PBXBuildFile; productRef = 0ADC931B275CC3A9001797C3 /* ASCollectionView */; };
		0AE1430E2767E78F0089F49B /* CodingStyleSPM in Frameworks */ = {isa = PBXBuildFile; productRef = 0AE1430D2767E78F0089F49B /* CodingStyleSPM */; };
/* End PBXBuildFile section */

/* Begin PBXFileReference section */
		0A31C85E276E4C9800033A96 /* MainCoordinator.swift */ = {isa = PBXFileReference; lastKnownFileType = sourcecode.swift; path = MainCoordinator.swift; sourceTree = "<group>"; };
		0A31C860276E4EEA00033A96 /* MainTabBarView.swift */ = {isa = PBXFileReference; lastKnownFileType = sourcecode.swift; path = MainTabBarView.swift; sourceTree = "<group>"; };
		0A375B59276E879400CBC3C3 /* SceneDelegate.swift */ = {isa = PBXFileReference; lastKnownFileType = sourcecode.swift; path = SceneDelegate.swift; sourceTree = "<group>"; };
		0A375B5B276E87BE00CBC3C3 /* AppDelegate.swift */ = {isa = PBXFileReference; lastKnownFileType = sourcecode.swift; path = AppDelegate.swift; sourceTree = "<group>"; };
		0A375B5F276E89E400CBC3C3 /* ClientVK-SwiftUI-Info.plist */ = {isa = PBXFileReference; lastKnownFileType = text.plist.xml; name = "ClientVK-SwiftUI-Info.plist"; path = "ClientVK_SwiftUI/Environments/ClientVK-SwiftUI-Info.plist"; sourceTree = SOURCE_ROOT; };
		0A49CE5A2756888100C4FE73 /* ClientVK_SwiftUI.app */ = {isa = PBXFileReference; explicitFileType = wrapper.application; includeInIndex = 0; path = ClientVK_SwiftUI.app; sourceTree = BUILT_PRODUCTS_DIR; };
		0A49CE612756888200C4FE73 /* Assets.xcassets */ = {isa = PBXFileReference; lastKnownFileType = folder.assetcatalog; path = Assets.xcassets; sourceTree = "<group>"; };
		0A49CE642756888200C4FE73 /* Preview Assets.xcassets */ = {isa = PBXFileReference; lastKnownFileType = folder.assetcatalog; path = "Preview Assets.xcassets"; sourceTree = "<group>"; };
		0A49CE6B27569CBD00C4FE73 /* Color+Ext.swift */ = {isa = PBXFileReference; lastKnownFileType = sourcecode.swift; path = "Color+Ext.swift"; sourceTree = "<group>"; };
		0A49CE6D2756A44100C4FE73 /* ImageViewBuilder.swift */ = {isa = PBXFileReference; lastKnownFileType = sourcecode.swift; path = ImageViewBuilder.swift; sourceTree = "<group>"; };
		0A49CE6F2756A4A100C4FE73 /* GroupCellView.swift */ = {isa = PBXFileReference; lastKnownFileType = sourcecode.swift; path = GroupCellView.swift; sourceTree = "<group>"; };
		0A49CE712756A55900C4FE73 /* UserCellView.swift */ = {isa = PBXFileReference; lastKnownFileType = sourcecode.swift; path = UserCellView.swift; sourceTree = "<group>"; };
		0A49CE752756A63D00C4FE73 /* ShadowViewModifier.swift */ = {isa = PBXFileReference; lastKnownFileType = sourcecode.swift; path = ShadowViewModifier.swift; sourceTree = "<group>"; };
		0A561A552764A1B500B4DE8E /* FriendsViewModel.swift */ = {isa = PBXFileReference; lastKnownFileType = sourcecode.swift; path = FriendsViewModel.swift; sourceTree = "<group>"; };
		0A561A592764CEDB00B4DE8E /* UserPhotoViewModel.swift */ = {isa = PBXFileReference; lastKnownFileType = sourcecode.swift; path = UserPhotoViewModel.swift; sourceTree = "<group>"; };
		0A561A5B2764D5BD00B4DE8E /* GroupsViewModel.swift */ = {isa = PBXFileReference; lastKnownFileType = sourcecode.swift; path = GroupsViewModel.swift; sourceTree = "<group>"; };
		0A676B60276A862B000A7ECD /* LikeButton.swift */ = {isa = PBXFileReference; lastKnownFileType = sourcecode.swift; path = LikeButton.swift; sourceTree = "<group>"; };
		0A6C32572763E4C7005B9379 /* RealmService.swift */ = {isa = PBXFileReference; lastKnownFileType = sourcecode.swift; path = RealmService.swift; sourceTree = "<group>"; };
		0A6C32592763E515005B9379 /* VKLoginWebView.swift */ = {isa = PBXFileReference; lastKnownFileType = sourcecode.swift; path = VKLoginWebView.swift; sourceTree = "<group>"; };
		0A6C32612763EC0C005B9379 /* VKService.swift */ = {isa = PBXFileReference; lastKnownFileType = sourcecode.swift; path = VKService.swift; sourceTree = "<group>"; };
		0A6C32632763ED0E005B9379 /* UserData.swift */ = {isa = PBXFileReference; lastKnownFileType = sourcecode.swift; path = UserData.swift; sourceTree = "<group>"; };
		0A6C32652763EDCF005B9379 /* GroupData.swift */ = {isa = PBXFileReference; lastKnownFileType = sourcecode.swift; path = GroupData.swift; sourceTree = "<group>"; };
		0A6C32672763EE0A005B9379 /* PhotosData.swift */ = {isa = PBXFileReference; lastKnownFileType = sourcecode.swift; path = PhotosData.swift; sourceTree = "<group>"; };
		0A6C32692763EE61005B9379 /* AlbumData.swift */ = {isa = PBXFileReference; lastKnownFileType = sourcecode.swift; path = AlbumData.swift; sourceTree = "<group>"; };
		0A6C326B2763EEDC005B9379 /* KeychainUser.swift */ = {isa = PBXFileReference; lastKnownFileType = sourcecode.swift; path = KeychainUser.swift; sourceTree = "<group>"; };
		0A6C327127640234005B9379 /* Encode+Decode.swift */ = {isa = PBXFileReference; lastKnownFileType = sourcecode.swift; path = "Encode+Decode.swift"; sourceTree = "<group>"; };
		0A6C3273276402B8005B9379 /* LoginViewModel.swift */ = {isa = PBXFileReference; lastKnownFileType = sourcecode.swift; path = LoginViewModel.swift; sourceTree = "<group>"; };
		0AA42375276F584D00612F5F /* Factories.swift */ = {isa = PBXFileReference; lastKnownFileType = sourcecode.swift; path = Factories.swift; sourceTree = "<group>"; };
		0AA42377276F5B3300612F5F /* DetachableObject.swift */ = {isa = PBXFileReference; lastKnownFileType = sourcecode.swift; path = DetachableObject.swift; sourceTree = "<group>"; };
		0ADC930A275CBA32001797C3 /* SectionDataModel.swift */ = {isa = PBXFileReference; lastKnownFileType = sourcecode.swift; path = SectionDataModel.swift; sourceTree = "<group>"; };
		0ADC9310275CBD62001797C3 /* FriendsView.swift */ = {isa = PBXFileReference; lastKnownFileType = sourcecode.swift; path = FriendsView.swift; sourceTree = "<group>"; };
		0ADC9312275CBE93001797C3 /* GroupsView.swift */ = {isa = PBXFileReference; lastKnownFileType = sourcecode.swift; path = GroupsView.swift; sourceTree = "<group>"; };
		0ADC9314275CBF52001797C3 /* UserPhotoCellView.swift */ = {isa = PBXFileReference; lastKnownFileType = sourcecode.swift; path = UserPhotoCellView.swift; sourceTree = "<group>"; };
		0ADC9318275CC12A001797C3 /* UserPhotosView.swift */ = {isa = PBXFileReference; lastKnownFileType = sourcecode.swift; path = UserPhotosView.swift; sourceTree = "<group>"; };
/* End PBXFileReference section */

/* Begin PBXFrameworksBuildPhase section */
		0A49CE572756888100C4FE73 /* Frameworks */ = {
			isa = PBXFrameworksBuildPhase;
			buildActionMask = 2147483647;
			files = (
				0A6C32602763EAE6005B9379 /* Kingfisher in Frameworks */,
				0A6C32532763E479005B9379 /* RealmSwift in Frameworks */,
				0A6C3270276401DB005B9379 /* SwiftKeychainWrapper in Frameworks */,
				0AE1430E2767E78F0089F49B /* CodingStyleSPM in Frameworks */,
				0A6C32512763E479005B9379 /* Realm in Frameworks */,
				0ADC931C275CC3A9001797C3 /* ASCollectionView in Frameworks */,
			);
			runOnlyForDeploymentPostprocessing = 0;
		};
/* End PBXFrameworksBuildPhase section */

/* Begin PBXGroup section */
		0A375B58276E877900CBC3C3 /* UIKIt */ = {
			isa = PBXGroup;
			children = (
				0A31C85E276E4C9800033A96 /* MainCoordinator.swift */,
				0A375B59276E879400CBC3C3 /* SceneDelegate.swift */,
				0A375B5B276E87BE00CBC3C3 /* AppDelegate.swift */,
			);
			path = UIKIt;
			sourceTree = "<group>";
		};
		0A375B60276E8C9300CBC3C3 /* Resources */ = {
			isa = PBXGroup;
			children = (
				0A49CE612756888200C4FE73 /* Assets.xcassets */,
				0A49CE632756888200C4FE73 /* Preview Content */,
			);
			path = Resources;
			sourceTree = "<group>";
		};
		0A375B61276E8CC800CBC3C3 /* Environments */ = {
			isa = PBXGroup;
			children = (
				0A375B5F276E89E400CBC3C3 /* ClientVK-SwiftUI-Info.plist */,
			);
			path = Environments;
			sourceTree = "<group>";
		};
		0A49CE512756888100C4FE73 = {
			isa = PBXGroup;
			children = (
				0A49CE5C2756888100C4FE73 /* ClientVK_SwiftUI */,
				0A49CE5B2756888100C4FE73 /* Products */,
			);
			sourceTree = "<group>";
		};
		0A49CE5B2756888100C4FE73 /* Products */ = {
			isa = PBXGroup;
			children = (
				0A49CE5A2756888100C4FE73 /* ClientVK_SwiftUI.app */,
			);
			name = Products;
			sourceTree = "<group>";
		};
		0A49CE5C2756888100C4FE73 /* ClientVK_SwiftUI */ = {
			isa = PBXGroup;
			children = (
				0A375B58276E877900CBC3C3 /* UIKIt */,
				0A6C32562763E4B8005B9379 /* Services */,
				0A6C32552763E4AB005B9379 /* Utils */,
				0ADC930C275CBAC6001797C3 /* Flows */,
				0ADC9303275CB988001797C3 /* Models */,
				0A49CE742756A61A00C4FE73 /* ViewBuilders */,
				0A49CE732756A60300C4FE73 /* ViewModifiers */,
				0A375B60276E8C9300CBC3C3 /* Resources */,
				0A375B61276E8CC800CBC3C3 /* Environments */,
			);
			path = ClientVK_SwiftUI;
			sourceTree = "<group>";
		};
		0A49CE632756888200C4FE73 /* Preview Content */ = {
			isa = PBXGroup;
			children = (
				0A49CE642756888200C4FE73 /* Preview Assets.xcassets */,
			);
			path = "Preview Content";
			sourceTree = "<group>";
		};
		0A49CE732756A60300C4FE73 /* ViewModifiers */ = {
			isa = PBXGroup;
			children = (
				0A49CE752756A63D00C4FE73 /* ShadowViewModifier.swift */,
			);
			path = ViewModifiers;
			sourceTree = "<group>";
		};
		0A49CE742756A61A00C4FE73 /* ViewBuilders */ = {
			isa = PBXGroup;
			children = (
				0A49CE6D2756A44100C4FE73 /* ImageViewBuilder.swift */,
			);
			path = ViewBuilders;
			sourceTree = "<group>";
		};
		0A676B5F276A8619000A7ECD /* CustomViews */ = {
			isa = PBXGroup;
			children = (
				0A676B60276A862B000A7ECD /* LikeButton.swift */,
			);
			path = CustomViews;
			sourceTree = "<group>";
		};
		0A6C32552763E4AB005B9379 /* Utils */ = {
			isa = PBXGroup;
			children = (
				0A49CE6B27569CBD00C4FE73 /* Color+Ext.swift */,
				0A6C327127640234005B9379 /* Encode+Decode.swift */,
				0AA42377276F5B3300612F5F /* DetachableObject.swift */,
			);
			path = Utils;
			sourceTree = "<group>";
		};
		0A6C32562763E4B8005B9379 /* Services */ = {
			isa = PBXGroup;
			children = (
				0A6C32572763E4C7005B9379 /* RealmService.swift */,
				0A6C32612763EC0C005B9379 /* VKService.swift */,
			);
			path = Services;
			sourceTree = "<group>";
		};
		0A6C325B2763E745005B9379 /* ViewModels */ = {
			isa = PBXGroup;
			children = (
				0A6C3273276402B8005B9379 /* LoginViewModel.swift */,
				0A561A552764A1B500B4DE8E /* FriendsViewModel.swift */,
				0A561A592764CEDB00B4DE8E /* UserPhotoViewModel.swift */,
				0A561A5B2764D5BD00B4DE8E /* GroupsViewModel.swift */,
			);
			path = ViewModels;
			sourceTree = "<group>";
		};
		0ADC9303275CB988001797C3 /* Models */ = {
			isa = PBXGroup;
			children = (
				0ADC930A275CBA32001797C3 /* SectionDataModel.swift */,
				0A6C32632763ED0E005B9379 /* UserData.swift */,
				0A6C32652763EDCF005B9379 /* GroupData.swift */,
				0A6C32672763EE0A005B9379 /* PhotosData.swift */,
				0A6C32692763EE61005B9379 /* AlbumData.swift */,
				0A6C326B2763EEDC005B9379 /* KeychainUser.swift */,
				0AA42375276F584D00612F5F /* Factories.swift */,
			);
			path = Models;
			sourceTree = "<group>";
		};
		0ADC930C275CBAC6001797C3 /* Flows */ = {
			isa = PBXGroup;
			children = (
				0A676B5F276A8619000A7ECD /* CustomViews */,
				0A6C325B2763E745005B9379 /* ViewModels */,
				0ADC930D275CBAE3001797C3 /* CellsView */,
				0ADC9310275CBD62001797C3 /* FriendsView.swift */,
				0ADC9312275CBE93001797C3 /* GroupsView.swift */,
				0ADC9318275CC12A001797C3 /* UserPhotosView.swift */,
				0A6C32592763E515005B9379 /* VKLoginWebView.swift */,
				0A31C860276E4EEA00033A96 /* MainTabBarView.swift */,
			);
			path = Flows;
			sourceTree = "<group>";
		};
		0ADC930D275CBAE3001797C3 /* CellsView */ = {
			isa = PBXGroup;
			children = (
				0A49CE6F2756A4A100C4FE73 /* GroupCellView.swift */,
				0A49CE712756A55900C4FE73 /* UserCellView.swift */,
				0ADC9314275CBF52001797C3 /* UserPhotoCellView.swift */,
			);
			path = CellsView;
			sourceTree = "<group>";
		};
/* End PBXGroup section */

/* Begin PBXNativeTarget section */
		0A49CE592756888100C4FE73 /* ClientVK_SwiftUI */ = {
			isa = PBXNativeTarget;
			buildConfigurationList = 0A49CE682756888200C4FE73 /* Build configuration list for PBXNativeTarget "ClientVK_SwiftUI" */;
			buildPhases = (
				0A49CE562756888100C4FE73 /* Sources */,
				0A49CE572756888100C4FE73 /* Frameworks */,
				0A49CE582756888100C4FE73 /* Resources */,
			);
			buildRules = (
			);
			dependencies = (
			);
			name = ClientVK_SwiftUI;
			packageProductDependencies = (
				0ADC931B275CC3A9001797C3 /* ASCollectionView */,
				0A6C32502763E479005B9379 /* Realm */,
				0A6C32522763E479005B9379 /* RealmSwift */,
				0A6C325F2763EAE6005B9379 /* Kingfisher */,
				0A6C326F276401DB005B9379 /* SwiftKeychainWrapper */,
				0AE1430D2767E78F0089F49B /* CodingStyleSPM */,
			);
			productName = ClientVK_SwiftUI;
			productReference = 0A49CE5A2756888100C4FE73 /* ClientVK_SwiftUI.app */;
			productType = "com.apple.product-type.application";
		};
/* End PBXNativeTarget section */

/* Begin PBXProject section */
		0A49CE522756888100C4FE73 /* Project object */ = {
			isa = PBXProject;
			attributes = {
				BuildIndependentTargetsInParallel = 1;
				LastSwiftUpdateCheck = 1310;
				LastUpgradeCheck = 1310;
				TargetAttributes = {
					0A49CE592756888100C4FE73 = {
						CreatedOnToolsVersion = 13.1;
					};
				};
			};
			buildConfigurationList = 0A49CE552756888100C4FE73 /* Build configuration list for PBXProject "ClientVK_SwiftUI" */;
			compatibilityVersion = "Xcode 13.0";
			developmentRegion = en;
			hasScannedForEncodings = 0;
			knownRegions = (
				en,
				Base,
			);
			mainGroup = 0A49CE512756888100C4FE73;
			packageReferences = (
				0ADC931A275CC3A9001797C3 /* XCRemoteSwiftPackageReference "ASCollectionView" */,
				0A6C324F2763E479005B9379 /* XCRemoteSwiftPackageReference "realm-cocoa" */,
				0A6C325E2763EAE6005B9379 /* XCRemoteSwiftPackageReference "Kingfisher" */,
				0A6C326E276401DB005B9379 /* XCRemoteSwiftPackageReference "SwiftKeychainWrapper" */,
				0AE1430C2767E78F0089F49B /* XCRemoteSwiftPackageReference "SwiftCodeStyle" */,
			);
			productRefGroup = 0A49CE5B2756888100C4FE73 /* Products */;
			projectDirPath = "";
			projectRoot = "";
			targets = (
				0A49CE592756888100C4FE73 /* ClientVK_SwiftUI */,
			);
		};
/* End PBXProject section */

/* Begin PBXResourcesBuildPhase section */
		0A49CE582756888100C4FE73 /* Resources */ = {
			isa = PBXResourcesBuildPhase;
			buildActionMask = 2147483647;
			files = (
				0A49CE652756888200C4FE73 /* Preview Assets.xcassets in Resources */,
				0A49CE622756888200C4FE73 /* Assets.xcassets in Resources */,
			);
			runOnlyForDeploymentPostprocessing = 0;
		};
/* End PBXResourcesBuildPhase section */

/* Begin PBXSourcesBuildPhase section */
		0A49CE562756888100C4FE73 /* Sources */ = {
			isa = PBXSourcesBuildPhase;
			buildActionMask = 2147483647;
			files = (
				0ADC9315275CBF52001797C3 /* UserPhotoCellView.swift in Sources */,
				0A6C327227640234005B9379 /* Encode+Decode.swift in Sources */,
				0A375B5A276E879400CBC3C3 /* SceneDelegate.swift in Sources */,
				0A6C326A2763EE61005B9379 /* AlbumData.swift in Sources */,
				0A6C32682763EE0A005B9379 /* PhotosData.swift in Sources */,
				0A6C325A2763E515005B9379 /* VKLoginWebView.swift in Sources */,
				0AA42378276F5B3300612F5F /* DetachableObject.swift in Sources */,
				0A561A562764A1B500B4DE8E /* FriendsViewModel.swift in Sources */,
				0A375B5C276E87BE00CBC3C3 /* AppDelegate.swift in Sources */,
				0A561A5C2764D5BD00B4DE8E /* GroupsViewModel.swift in Sources */,
				0A6C32622763EC0C005B9379 /* VKService.swift in Sources */,
				0A49CE722756A55900C4FE73 /* UserCellView.swift in Sources */,
				0A31C85F276E4C9800033A96 /* MainCoordinator.swift in Sources */,
				0A49CE762756A63D00C4FE73 /* ShadowViewModifier.swift in Sources */,
				0A49CE6E2756A44100C4FE73 /* ImageViewBuilder.swift in Sources */,
				0A49CE6C27569CBD00C4FE73 /* Color+Ext.swift in Sources */,
				0A49CE702756A4A100C4FE73 /* GroupCellView.swift in Sources */,
				0A6C32642763ED0E005B9379 /* UserData.swift in Sources */,
				0AA42376276F584D00612F5F /* Factories.swift in Sources */,
				0A6C32662763EDCF005B9379 /* GroupData.swift in Sources */,
				0A6C32582763E4C7005B9379 /* RealmService.swift in Sources */,
				0A676B61276A862B000A7ECD /* LikeButton.swift in Sources */,
				0ADC930B275CBA32001797C3 /* SectionDataModel.swift in Sources */,
				0A6C326C2763EEDC005B9379 /* KeychainUser.swift in Sources */,
				0A6C3274276402B8005B9379 /* LoginViewModel.swift in Sources */,
				0A31C861276E4EEA00033A96 /* MainTabBarView.swift in Sources */,
				0A561A5A2764CEDB00B4DE8E /* UserPhotoViewModel.swift in Sources */,
				0ADC9319275CC12A001797C3 /* UserPhotosView.swift in Sources */,
				0ADC9313275CBE93001797C3 /* GroupsView.swift in Sources */,
				0ADC9311275CBD62001797C3 /* FriendsView.swift in Sources */,
			);
			runOnlyForDeploymentPostprocessing = 0;
		};
/* End PBXSourcesBuildPhase section */

/* Begin XCBuildConfiguration section */
		0A49CE662756888200C4FE73 /* Debug */ = {
			isa = XCBuildConfiguration;
			buildSettings = {
				ALWAYS_SEARCH_USER_PATHS = NO;
				CLANG_ANALYZER_NONNULL = YES;
				CLANG_ANALYZER_NUMBER_OBJECT_CONVERSION = YES_AGGRESSIVE;
				CLANG_CXX_LANGUAGE_STANDARD = "gnu++17";
				CLANG_CXX_LIBRARY = "libc++";
				CLANG_ENABLE_MODULES = YES;
				CLANG_ENABLE_OBJC_ARC = YES;
				CLANG_ENABLE_OBJC_WEAK = YES;
				CLANG_WARN_BLOCK_CAPTURE_AUTORELEASING = YES;
				CLANG_WARN_BOOL_CONVERSION = YES;
				CLANG_WARN_COMMA = YES;
				CLANG_WARN_CONSTANT_CONVERSION = YES;
				CLANG_WARN_DEPRECATED_OBJC_IMPLEMENTATIONS = YES;
				CLANG_WARN_DIRECT_OBJC_ISA_USAGE = YES_ERROR;
				CLANG_WARN_DOCUMENTATION_COMMENTS = YES;
				CLANG_WARN_EMPTY_BODY = YES;
				CLANG_WARN_ENUM_CONVERSION = YES;
				CLANG_WARN_INFINITE_RECURSION = YES;
				CLANG_WARN_INT_CONVERSION = YES;
				CLANG_WARN_NON_LITERAL_NULL_CONVERSION = YES;
				CLANG_WARN_OBJC_IMPLICIT_RETAIN_SELF = YES;
				CLANG_WARN_OBJC_LITERAL_CONVERSION = YES;
				CLANG_WARN_OBJC_ROOT_CLASS = YES_ERROR;
				CLANG_WARN_QUOTED_INCLUDE_IN_FRAMEWORK_HEADER = YES;
				CLANG_WARN_RANGE_LOOP_ANALYSIS = YES;
				CLANG_WARN_STRICT_PROTOTYPES = YES;
				CLANG_WARN_SUSPICIOUS_MOVE = YES;
				CLANG_WARN_UNGUARDED_AVAILABILITY = YES_AGGRESSIVE;
				CLANG_WARN_UNREACHABLE_CODE = YES;
				CLANG_WARN__DUPLICATE_METHOD_MATCH = YES;
				COPY_PHASE_STRIP = NO;
				DEBUG_INFORMATION_FORMAT = dwarf;
				ENABLE_STRICT_OBJC_MSGSEND = YES;
				ENABLE_TESTABILITY = YES;
				GCC_C_LANGUAGE_STANDARD = gnu11;
				GCC_DYNAMIC_NO_PIC = NO;
				GCC_NO_COMMON_BLOCKS = YES;
				GCC_OPTIMIZATION_LEVEL = 0;
				GCC_PREPROCESSOR_DEFINITIONS = (
					"DEBUG=1",
					"$(inherited)",
				);
				GCC_WARN_64_TO_32_BIT_CONVERSION = YES;
				GCC_WARN_ABOUT_RETURN_TYPE = YES_ERROR;
				GCC_WARN_UNDECLARED_SELECTOR = YES;
				GCC_WARN_UNINITIALIZED_AUTOS = YES_AGGRESSIVE;
				GCC_WARN_UNUSED_FUNCTION = YES;
				GCC_WARN_UNUSED_VARIABLE = YES;
				INFOPLIST_FILE = "";
				IPHONEOS_DEPLOYMENT_TARGET = 15.0;
				MTL_ENABLE_DEBUG_INFO = INCLUDE_SOURCE;
				MTL_FAST_MATH = YES;
				ONLY_ACTIVE_ARCH = YES;
				SDKROOT = iphoneos;
				SWIFT_ACTIVE_COMPILATION_CONDITIONS = DEBUG;
				SWIFT_OPTIMIZATION_LEVEL = "-Onone";
			};
			name = Debug;
		};
		0A49CE672756888200C4FE73 /* Release */ = {
			isa = XCBuildConfiguration;
			buildSettings = {
				ALWAYS_SEARCH_USER_PATHS = NO;
				CLANG_ANALYZER_NONNULL = YES;
				CLANG_ANALYZER_NUMBER_OBJECT_CONVERSION = YES_AGGRESSIVE;
				CLANG_CXX_LANGUAGE_STANDARD = "gnu++17";
				CLANG_CXX_LIBRARY = "libc++";
				CLANG_ENABLE_MODULES = YES;
				CLANG_ENABLE_OBJC_ARC = YES;
				CLANG_ENABLE_OBJC_WEAK = YES;
				CLANG_WARN_BLOCK_CAPTURE_AUTORELEASING = YES;
				CLANG_WARN_BOOL_CONVERSION = YES;
				CLANG_WARN_COMMA = YES;
				CLANG_WARN_CONSTANT_CONVERSION = YES;
				CLANG_WARN_DEPRECATED_OBJC_IMPLEMENTATIONS = YES;
				CLANG_WARN_DIRECT_OBJC_ISA_USAGE = YES_ERROR;
				CLANG_WARN_DOCUMENTATION_COMMENTS = YES;
				CLANG_WARN_EMPTY_BODY = YES;
				CLANG_WARN_ENUM_CONVERSION = YES;
				CLANG_WARN_INFINITE_RECURSION = YES;
				CLANG_WARN_INT_CONVERSION = YES;
				CLANG_WARN_NON_LITERAL_NULL_CONVERSION = YES;
				CLANG_WARN_OBJC_IMPLICIT_RETAIN_SELF = YES;
				CLANG_WARN_OBJC_LITERAL_CONVERSION = YES;
				CLANG_WARN_OBJC_ROOT_CLASS = YES_ERROR;
				CLANG_WARN_QUOTED_INCLUDE_IN_FRAMEWORK_HEADER = YES;
				CLANG_WARN_RANGE_LOOP_ANALYSIS = YES;
				CLANG_WARN_STRICT_PROTOTYPES = YES;
				CLANG_WARN_SUSPICIOUS_MOVE = YES;
				CLANG_WARN_UNGUARDED_AVAILABILITY = YES_AGGRESSIVE;
				CLANG_WARN_UNREACHABLE_CODE = YES;
				CLANG_WARN__DUPLICATE_METHOD_MATCH = YES;
				COPY_PHASE_STRIP = NO;
				DEBUG_INFORMATION_FORMAT = "dwarf-with-dsym";
				ENABLE_NS_ASSERTIONS = NO;
				ENABLE_STRICT_OBJC_MSGSEND = YES;
				GCC_C_LANGUAGE_STANDARD = gnu11;
				GCC_NO_COMMON_BLOCKS = YES;
				GCC_WARN_64_TO_32_BIT_CONVERSION = YES;
				GCC_WARN_ABOUT_RETURN_TYPE = YES_ERROR;
				GCC_WARN_UNDECLARED_SELECTOR = YES;
				GCC_WARN_UNINITIALIZED_AUTOS = YES_AGGRESSIVE;
				GCC_WARN_UNUSED_FUNCTION = YES;
				GCC_WARN_UNUSED_VARIABLE = YES;
				INFOPLIST_FILE = "";
				IPHONEOS_DEPLOYMENT_TARGET = 15.0;
				MTL_ENABLE_DEBUG_INFO = NO;
				MTL_FAST_MATH = YES;
				SDKROOT = iphoneos;
				SWIFT_COMPILATION_MODE = wholemodule;
				SWIFT_OPTIMIZATION_LEVEL = "-O";
				VALIDATE_PRODUCT = YES;
			};
			name = Release;
		};
		0A49CE692756888200C4FE73 /* Debug */ = {
			isa = XCBuildConfiguration;
			buildSettings = {
				ASSETCATALOG_COMPILER_APPICON_NAME = AppIcon;
				ASSETCATALOG_COMPILER_GLOBAL_ACCENT_COLOR_NAME = AccentColor;
				CODE_SIGN_STYLE = Automatic;
				CURRENT_PROJECT_VERSION = 1;
				DEVELOPMENT_ASSET_PATHS = "\"ClientVK_SwiftUI/Resources/Preview Content\"";
				DEVELOPMENT_TEAM = SN53JF86L5;
				ENABLE_PREVIEWS = YES;
				GENERATE_INFOPLIST_FILE = YES;
				INFOPLIST_FILE = "ClientVK_SwiftUI/Environments/ClientVK-SwiftUI-Info.plist";
				INFOPLIST_KEY_UIApplicationSupportsIndirectInputEvents = YES;
				INFOPLIST_KEY_UILaunchScreen_Generation = YES;
				INFOPLIST_KEY_UISupportedInterfaceOrientations_iPad = "UIInterfaceOrientationPortrait UIInterfaceOrientationPortraitUpsideDown UIInterfaceOrientationLandscapeLeft UIInterfaceOrientationLandscapeRight";
				INFOPLIST_KEY_UISupportedInterfaceOrientations_iPhone = "UIInterfaceOrientationPortrait UIInterfaceOrientationLandscapeLeft UIInterfaceOrientationLandscapeRight";
				LD_RUNPATH_SEARCH_PATHS = (
					"$(inherited)",
					"@executable_path/Frameworks",
				);
				MARKETING_VERSION = 1.0;
				PRODUCT_BUNDLE_IDENTIFIER = "com.BAJIKNPNR.ClientVK-SwiftUI";
				PRODUCT_NAME = "$(TARGET_NAME)";
				SWIFT_EMIT_LOC_STRINGS = YES;
				SWIFT_VERSION = 5.0;
				TARGETED_DEVICE_FAMILY = "1,2";
			};
			name = Debug;
		};
		0A49CE6A2756888200C4FE73 /* Release */ = {
			isa = XCBuildConfiguration;
			buildSettings = {
				ASSETCATALOG_COMPILER_APPICON_NAME = AppIcon;
				ASSETCATALOG_COMPILER_GLOBAL_ACCENT_COLOR_NAME = AccentColor;
				CODE_SIGN_STYLE = Automatic;
				CURRENT_PROJECT_VERSION = 1;
				DEVELOPMENT_ASSET_PATHS = "\"ClientVK_SwiftUI/Resources/Preview Content\"";
				DEVELOPMENT_TEAM = SN53JF86L5;
				ENABLE_PREVIEWS = YES;
				GENERATE_INFOPLIST_FILE = YES;
				INFOPLIST_FILE = "ClientVK_SwiftUI/Environments/ClientVK-SwiftUI-Info.plist";
				INFOPLIST_KEY_UIApplicationSupportsIndirectInputEvents = YES;
				INFOPLIST_KEY_UILaunchScreen_Generation = YES;
				INFOPLIST_KEY_UISupportedInterfaceOrientations_iPad = "UIInterfaceOrientationPortrait UIInterfaceOrientationPortraitUpsideDown UIInterfaceOrientationLandscapeLeft UIInterfaceOrientationLandscapeRight";
				INFOPLIST_KEY_UISupportedInterfaceOrientations_iPhone = "UIInterfaceOrientationPortrait UIInterfaceOrientationLandscapeLeft UIInterfaceOrientationLandscapeRight";
				LD_RUNPATH_SEARCH_PATHS = (
					"$(inherited)",
					"@executable_path/Frameworks",
				);
				MARKETING_VERSION = 1.0;
				PRODUCT_BUNDLE_IDENTIFIER = "com.BAJIKNPNR.ClientVK-SwiftUI";
				PRODUCT_NAME = "$(TARGET_NAME)";
				SWIFT_EMIT_LOC_STRINGS = YES;
				SWIFT_VERSION = 5.0;
				TARGETED_DEVICE_FAMILY = "1,2";
			};
			name = Release;
		};
/* End XCBuildConfiguration section */

/* Begin XCConfigurationList section */
		0A49CE552756888100C4FE73 /* Build configuration list for PBXProject "ClientVK_SwiftUI" */ = {
			isa = XCConfigurationList;
			buildConfigurations = (
				0A49CE662756888200C4FE73 /* Debug */,
				0A49CE672756888200C4FE73 /* Release */,
			);
			defaultConfigurationIsVisible = 0;
			defaultConfigurationName = Release;
		};
		0A49CE682756888200C4FE73 /* Build configuration list for PBXNativeTarget "ClientVK_SwiftUI" */ = {
			isa = XCConfigurationList;
			buildConfigurations = (
				0A49CE692756888200C4FE73 /* Debug */,
				0A49CE6A2756888200C4FE73 /* Release */,
			);
			defaultConfigurationIsVisible = 0;
			defaultConfigurationName = Release;
		};
/* End XCConfigurationList section */

/* Begin XCRemoteSwiftPackageReference section */
		0A6C324F2763E479005B9379 /* XCRemoteSwiftPackageReference "realm-cocoa" */ = {
			isa = XCRemoteSwiftPackageReference;
			repositoryURL = "https://github.com/realm/realm-cocoa.git";
			requirement = {
				kind = upToNextMajorVersion;
				minimumVersion = 10.20.0;
			};
		};
		0A6C325E2763EAE6005B9379 /* XCRemoteSwiftPackageReference "Kingfisher" */ = {
			isa = XCRemoteSwiftPackageReference;
			repositoryURL = "https://github.com/onevcat/Kingfisher";
			requirement = {
				kind = upToNextMajorVersion;
				minimumVersion = 7.1.2;
			};
		};
		0A6C326E276401DB005B9379 /* XCRemoteSwiftPackageReference "SwiftKeychainWrapper" */ = {
			isa = XCRemoteSwiftPackageReference;
			repositoryURL = "https://github.com/jrendel/SwiftKeychainWrapper";
			requirement = {
				kind = upToNextMajorVersion;
				minimumVersion = 4.0.0;
			};
		};
		0ADC931A275CC3A9001797C3 /* XCRemoteSwiftPackageReference "ASCollectionView" */ = {
			isa = XCRemoteSwiftPackageReference;
			repositoryURL = "https://github.com/apptekstudios/ASCollectionView.git";
			requirement = {
				kind = upToNextMajorVersion;
				minimumVersion = 2.1.1;
			};
		};
		0AE1430C2767E78F0089F49B /* XCRemoteSwiftPackageReference "SwiftCodeStyle" */ = {
			isa = XCRemoteSwiftPackageReference;
			repositoryURL = "https://github.com/ddudenin/SwiftCodeStyle";
			requirement = {
				branch = main;
				kind = branch;
			};
		};
/* End XCRemoteSwiftPackageReference section */

/* Begin XCSwiftPackageProductDependency section */
		0A6C32502763E479005B9379 /* Realm */ = {
			isa = XCSwiftPackageProductDependency;
			package = 0A6C324F2763E479005B9379 /* XCRemoteSwiftPackageReference "realm-cocoa" */;
			productName = Realm;
		};
		0A6C32522763E479005B9379 /* RealmSwift */ = {
			isa = XCSwiftPackageProductDependency;
			package = 0A6C324F2763E479005B9379 /* XCRemoteSwiftPackageReference "realm-cocoa" */;
			productName = RealmSwift;
		};
		0A6C325F2763EAE6005B9379 /* Kingfisher */ = {
			isa = XCSwiftPackageProductDependency;
			package = 0A6C325E2763EAE6005B9379 /* XCRemoteSwiftPackageReference "Kingfisher" */;
			productName = Kingfisher;
		};
		0A6C326F276401DB005B9379 /* SwiftKeychainWrapper */ = {
			isa = XCSwiftPackageProductDependency;
			package = 0A6C326E276401DB005B9379 /* XCRemoteSwiftPackageReference "SwiftKeychainWrapper" */;
			productName = SwiftKeychainWrapper;
		};
		0ADC931B275CC3A9001797C3 /* ASCollectionView */ = {
			isa = XCSwiftPackageProductDependency;
			package = 0ADC931A275CC3A9001797C3 /* XCRemoteSwiftPackageReference "ASCollectionView" */;
			productName = ASCollectionView;
		};
		0AE1430D2767E78F0089F49B /* CodingStyleSPM */ = {
			isa = XCSwiftPackageProductDependency;
			package = 0AE1430C2767E78F0089F49B /* XCRemoteSwiftPackageReference "SwiftCodeStyle" */;
			productName = CodingStyleSPM;
		};
/* End XCSwiftPackageProductDependency section */
	};
	rootObject = 0A49CE522756888100C4FE73 /* Project object */;
}
